
Microsoft Visual Studio Solution File, Format Version 12.00
# Visual Studio Version 17
VisualStudioVersion = 17.12.35514.174 d17.12
MinimumVisualStudioVersion = 10.0.40219.1
Project("{FAE04EC0-301F-11D3-BF4B-00C04F79EFBC}") = "Jornada.AppHost", "src\Jornada.AppHost\Jornada.AppHost.csproj", "{32D5E20D-405D-4C10-9F4B-8994332621EC}"
EndProject
Project("{FAE04EC0-301F-11D3-BF4B-00C04F79EFBC}") = "Jornada.ServiceDefaults", "src\Jornada.ServiceDefaults\Jornada.ServiceDefaults.csproj", "{0B1A59B9-6C07-42F6-A3EB-A478B8B7D99F}"
EndProject
Project("{FAE04EC0-301F-11D3-BF4B-00C04F79EFBC}") = "Jornada.BFF", "..\bff\src\Jornada.BFF\Jornada.BFF.csproj", "{EB6F3A90-48AF-4A7F-BBD1-1558D50C40CB}"
EndProject
Project("{FAE04EC0-301F-11D3-BF4B-00C04F79EFBC}") = "Jornada.Websocket", "..\Websocket\src\Jornada.Websocket\Jornada.Websocket.csproj", "{45C4FBA4-FB82-4B63-9718-D9E53BCB42AE}"
EndProject
Project("{FAE04EC0-301F-11D3-BF4B-00C04F79EFBC}") = "Jornada.API", "..\API\src\Jornada.API\Jornada.API.csproj", "{BC4DE9A0-3B43-4594-9E5A-55FBBEB54EEA}"
EndProject
Project("{FAE04EC0-301F-11D3-BF4B-00C04F79EFBC}") = "Jornada.Worker", "..\Worker\src\Jornada.Worker\Jornada.Worker.csproj", "{9C6B6A6F-523F-4637-8957-BC2C4B7A62A1}"
EndProject
Global
	GlobalSection(SolutionConfigurationPlatforms) = preSolution
		Debug|Any CPU = Debug|Any CPU
		Release|Any CPU = Release|Any CPU
	EndGlobalSection
	GlobalSection(ProjectConfigurationPlatforms) = postSolution
		{EB6F3A90-48AF-4A7F-BBD1-1558D50C40CB}.Debug|Any CPU.ActiveCfg = Debug|Any CPU
		{EB6F3A90-48AF-4A7F-BBD1-1558D50C40CB}.Debug|Any CPU.Build.0 = Debug|Any CPU
		{EB6F3A90-48AF-4A7F-BBD1-1558D50C40CB}.Release|Any CPU.ActiveCfg = Release|Any CPU
		{EB6F3A90-48AF-4A7F-BBD1-1558D50C40CB}.Release|Any CPU.Build.0 = Release|Any CPU
		{32D5E20D-405D-4C10-9F4B-8994332621EC}.Debug|Any CPU.ActiveCfg = Debug|Any CPU
		{32D5E20D-405D-4C10-9F4B-8994332621EC}.Debug|Any CPU.Build.0 = Debug|Any CPU
		{32D5E20D-405D-4C10-9F4B-8994332621EC}.Release|Any CPU.ActiveCfg = Release|Any CPU
		{32D5E20D-405D-4C10-9F4B-8994332621EC}.Release|Any CPU.Build.0 = Release|Any CPU
		{0B1A59B9-6C07-42F6-A3EB-A478B8B7D99F}.Debug|Any CPU.ActiveCfg = Debug|Any CPU
		{0B1A59B9-6C07-42F6-A3EB-A478B8B7D99F}.Debug|Any CPU.Build.0 = Debug|Any CPU
		{0B1A59B9-6C07-42F6-A3EB-A478B8B7D99F}.Release|Any CPU.ActiveCfg = Release|Any CPU
		{0B1A59B9-6C07-42F6-A3EB-A478B8B7D99F}.Release|Any CPU.Build.0 = Release|Any CPU
		{45C4FBA4-FB82-4B63-9718-D9E53BCB42AE}.Debug|Any CPU.ActiveCfg = Debug|Any CPU
		{45C4FBA4-FB82-4B63-9718-D9E53BCB42AE}.Debug|Any CPU.Build.0 = Debug|Any CPU
		{45C4FBA4-FB82-4B63-9718-D9E53BCB42AE}.Release|Any CPU.ActiveCfg = Release|Any CPU
		{45C4FBA4-FB82-4B63-9718-D9E53BCB42AE}.Release|Any CPU.Build.0 = Release|Any CPU
		{BC4DE9A0-3B43-4594-9E5A-55FBBEB54EEA}.Debug|Any CPU.ActiveCfg = Debug|Any CPU
		{BC4DE9A0-3B43-4594-9E5A-55FBBEB54EEA}.Debug|Any CPU.Build.0 = Debug|Any CPU
		{BC4DE9A0-3B43-4594-9E5A-55FBBEB54EEA}.Release|Any CPU.ActiveCfg = Release|Any CPU
		{BC4DE9A0-3B43-4594-9E5A-55FBBEB54EEA}.Release|Any CPU.Build.0 = Release|Any CPU
		{9C6B6A6F-523F-4637-8957-BC2C4B7A62A1}.Debug|Any CPU.ActiveCfg = Debug|Any CPU
		{9C6B6A6F-523F-4637-8957-BC2C4B7A62A1}.Debug|Any CPU.Build.0 = Debug|Any CPU
		{9C6B6A6F-523F-4637-8957-BC2C4B7A62A1}.Release|Any CPU.ActiveCfg = Release|Any CPU
		{9C6B6A6F-523F-4637-8957-BC2C4B7A62A1}.Release|Any CPU.Build.0 = Release|Any CPU
	EndGlobalSection
	GlobalSection(SolutionProperties) = preSolution
		HideSolutionNode = FALSE
	EndGlobalSection
EndGlobal
