
Microsoft Visual Studio Solution File, Format Version 12.00
# Visual Studio Version 17
VisualStudioVersion = 17.0.31903.59
MinimumVisualStudioVersion = 10.0.40219.1
Project("{2150E333-8FDC-42A3-9474-1A3956D46DE8}") = "src", "src", "{CE02713E-5CD1-4F96-99DD-88FCECAA9417}"
EndProject
Project("{FAE04EC0-301F-11D3-BF4B-00C04F79EFBC}") = "Jornada.API", "src\Jornada.API\Jornada.API.csproj", "{26EF4DBF-2A2A-4E54-86E8-96EA23FC50FB}"
EndProject
Global
	GlobalSection(SolutionConfigurationPlatforms) = preSolution
		Debug|Any CPU = Debug|Any CPU
		Release|Any CPU = Release|Any CPU
	EndGlobalSection
	GlobalSection(SolutionProperties) = preSolution
		HideSolutionNode = FALSE
	EndGlobalSection
	GlobalSection(ProjectConfigurationPlatforms) = postSolution
		{26EF4DBF-2A2A-4E54-86E8-96EA23FC50FB}.Debug|Any CPU.ActiveCfg = Debug|Any CPU
		{26EF4DBF-2A2A-4E54-86E8-96EA23FC50FB}.Debug|Any CPU.Build.0 = Debug|Any CPU
		{26EF4DBF-2A2A-4E54-86E8-96EA23FC50FB}.Release|Any CPU.ActiveCfg = Release|Any CPU
		{26EF4DBF-2A2A-4E54-86E8-96EA23FC50FB}.Release|Any CPU.Build.0 = Release|Any CPU
	EndGlobalSection
	GlobalSection(NestedProjects) = preSolution
		{26EF4DBF-2A2A-4E54-86E8-96EA23FC50FB} = {CE02713E-5CD1-4F96-99DD-88FCECAA9417}
	EndGlobalSection
EndGlobal
